Microsoft Visual Studio Solution File, Format Version 12.00
# Visual Studio Version 17
VisualStudioVersion = 17.5.33424.131
MinimumVisualStudioVersion = 10.0.40219.1
Project("{9A19103F-16F7-4668-BE54-9A1E7A4F7556}") = "CatalogAPI", "CatalogAPI\CatalogAPI.csproj", "{4C631FD1-8684-48B5-B66B-22644316E844}"
EndProject
Project("{9A19103F-16F7-4668-BE54-9A1E7A4F7556}") = "OrderAPI", "OrderAPI\OrderAPI.csproj", "{0FB92E53-F314-4BF1-86F1-F306D78A8696}"
EndProject
Project("{9A19103F-16F7-4668-BE54-9A1E7A4F7556}") = "UserAPI", "UserAPI\UserAPI.csproj", "{3902D87A-F705-41D5-B8B7-C9A3B6C2AC4D}"
EndProject
Project("{9A19103F-16F7-4668-BE54-9A1E7A4F7556}") = "SharedLibrary", "SharedLibrary\SharedLibrary.csproj", "{19448F3C-0BEE-4E5A-8CB6-0F7B7FD2BE55}"
EndProject
Project("{FAE04EC0-301F-11D3-BF4B-00C04F79EFBC}") = "DeliveryAPI", "DeliveryAPI\DeliveryAPI.csproj", "{1B49E6FC-324B-4C83-859C-54F4C19F9D95}"
EndProject
Global
	GlobalSection(SolutionConfigurationPlatforms) = preSolution
		Debug|Any CPU = Debug|Any CPU
		Release|Any CPU = Release|Any CPU
	EndGlobalSection
	GlobalSection(ProjectConfigurationPlatforms) = postSolution
		{4C631FD1-8684-48B5-B66B-22644316E844}.Debug|Any CPU.ActiveCfg = Debug|Any CPU
		{4C631FD1-8684-48B5-B66B-22644316E844}.Debug|Any CPU.Build.0 = Debug|Any CPU
		{4C631FD1-8684-48B5-B66B-22644316E844}.Release|Any CPU.ActiveCfg = Release|Any CPU
		{4C631FD1-8684-48B5-B66B-22644316E844}.Release|Any CPU.Build.0 = Release|Any CPU
		{0FB92E53-F314-4BF1-86F1-F306D78A8696}.Debug|Any CPU.ActiveCfg = Debug|Any CPU
		{0FB92E53-F314-4BF1-86F1-F306D78A8696}.Debug|Any CPU.Build.0 = Debug|Any CPU
		{0FB92E53-F314-4BF1-86F1-F306D78A8696}.Release|Any CPU.ActiveCfg = Release|Any CPU
		{0FB92E53-F314-4BF1-86F1-F306D78A8696}.Release|Any CPU.Build.0 = Release|Any CPU
		{3902D87A-F705-41D5-B8B7-C9A3B6C2AC4D}.Debug|Any CPU.ActiveCfg = Debug|Any CPU
		{3902D87A-F705-41D5-B8B7-C9A3B6C2AC4D}.Debug|Any CPU.Build.0 = Debug|Any CPU
		{3902D87A-F705-41D5-B8B7-C9A3B6C2AC4D}.Release|Any CPU.ActiveCfg = Release|Any CPU
		{3902D87A-F705-41D5-B8B7-C9A3B6C2AC4D}.Release|Any CPU.Build.0 = Release|Any CPU
		{19448F3C-0BEE-4E5A-8CB6-0F7B7FD2BE55}.Debug|Any CPU.ActiveCfg = Debug|Any CPU
		{19448F3C-0BEE-4E5A-8CB6-0F7B7FD2BE55}.Debug|Any CPU.Build.0 = Debug|Any CPU
		{19448F3C-0BEE-4E5A-8CB6-0F7B7FD2BE55}.Release|Any CPU.ActiveCfg = Release|Any CPU
		{19448F3C-0BEE-4E5A-8CB6-0F7B7FD2BE55}.Release|Any CPU.Build.0 = Release|Any CPU
		{1B49E6FC-324B-4C83-859C-54F4C19F9D95}.Debug|Any CPU.ActiveCfg = Debug|Any CPU
		{1B49E6FC-324B-4C83-859C-54F4C19F9D95}.Debug|Any CPU.Build.0 = Debug|Any CPU
		{1B49E6FC-324B-4C83-859C-54F4C19F9D95}.Release|Any CPU.ActiveCfg = Release|Any CPU
		{1B49E6FC-324B-4C83-859C-54F4C19F9D95}.Release|Any CPU.Build.0 = Release|Any CPU
	EndGlobalSection
	GlobalSection(SolutionProperties) = preSolution
		HideSolutionNode = FALSE
	EndGlobalSection
	GlobalSection(ExtensibilityGlobals) = postSolution
		SolutionGuid = {CEE9085A-E09C-4CAF-B29D-7528542B304B}
	EndGlobalSection
EndGlobal
